// !$*UTF8*$!
{
	archiveVersion = 1;
	classes = {
	};
	objectVersion = 56;
	objects = {

/* Begin PBXBuildFile section */
		9D5DC3602BFCB0A900F78D1D /* RaifBankNeoStyleApp.swift in Sources */ = {isa = PBXBuildFile; fileRef = 9D5DC35F2BFCB0A900F78D1D /* RaifBankNeoStyleApp.swift */; };
		9D5DC3622BFCB0A900F78D1D /* ContentView.swift in Sources */ = {isa = PBXBuildFile; fileRef = 9D5DC3612BFCB0A900F78D1D /* ContentView.swift */; };
		9D5DC3642BFCB0AA00F78D1D /* Assets.xcassets in Resources */ = {isa = PBXBuildFile; fileRef = 9D5DC3632BFCB0AA00F78D1D /* Assets.xcassets */; };
		9D5DC3672BFCB0AA00F78D1D /* Preview Assets.xcassets in Resources */ = {isa = PBXBuildFile; fileRef = 9D5DC3662BFCB0AA00F78D1D /* Preview Assets.xcassets */; };
		9DB6E5F12BFCBB6D0062FC94 /* FirebaseAuth in Frameworks */ = {isa = PBXBuildFile; productRef = 9DB6E5F02BFCBB6D0062FC94 /* FirebaseAuth */; };
		9DB6E5F32BFCBB6D0062FC94 /* FirebaseDatabase in Frameworks */ = {isa = PBXBuildFile; productRef = 9DB6E5F22BFCBB6D0062FC94 /* FirebaseDatabase */; };
		9DB6E5F52BFCBB6D0062FC94 /* FirebaseDatabaseSwift in Frameworks */ = {isa = PBXBuildFile; productRef = 9DB6E5F42BFCBB6D0062FC94 /* FirebaseDatabaseSwift */; };
		9DB6E5F72BFCBB6D0062FC94 /* FirebaseFirestore in Frameworks */ = {isa = PBXBuildFile; productRef = 9DB6E5F62BFCBB6D0062FC94 /* FirebaseFirestore */; };
		9DB6E5F92BFCBB6D0062FC94 /* FirebaseFirestoreSwift in Frameworks */ = {isa = PBXBuildFile; productRef = 9DB6E5F82BFCBB6D0062FC94 /* FirebaseFirestoreSwift */; };
		9DB6E5FB2BFCBB6D0062FC94 /* FirebaseMessaging in Frameworks */ = {isa = PBXBuildFile; productRef = 9DB6E5FA2BFCBB6D0062FC94 /* FirebaseMessaging */; };
		9DB6E5FD2BFCBB6D0062FC94 /* FirebaseStorage in Frameworks */ = {isa = PBXBuildFile; productRef = 9DB6E5FC2BFCBB6D0062FC94 /* FirebaseStorage */; };
		9DB6E6262BFCBB940062FC94 /* UserItem.swift in Sources */ = {isa = PBXBuildFile; fileRef = 9DB6E5FE2BFCBB940062FC94 /* UserItem.swift */; };
		9DB6E6272BFCBB940062FC94 /* AuthProvider.swift in Sources */ = {isa = PBXBuildFile; fileRef = 9DB6E6002BFCBB940062FC94 /* AuthProvider.swift */; };
		9DB6E6282BFCBB940062FC94 /* AuthViewModel.swift in Sources */ = {isa = PBXBuildFile; fileRef = 9DB6E6022BFCBB940062FC94 /* AuthViewModel.swift */; };
		9DB6E6292BFCBB940062FC94 /* AuthButtonView.swift in Sources */ = {isa = PBXBuildFile; fileRef = 9DB6E6042BFCBB940062FC94 /* AuthButtonView.swift */; };
		9DB6E62A2BFCBB940062FC94 /* AuthCharNumberField.swift in Sources */ = {isa = PBXBuildFile; fileRef = 9DB6E6052BFCBB940062FC94 /* AuthCharNumberField.swift */; };
		9DB6E62B2BFCBB940062FC94 /* AuthTextField.swift in Sources */ = {isa = PBXBuildFile; fileRef = 9DB6E6062BFCBB940062FC94 /* AuthTextField.swift */; };
		9DB6E62C2BFCBB940062FC94 /* LoginScreen.swift in Sources */ = {isa = PBXBuildFile; fileRef = 9DB6E6072BFCBB940062FC94 /* LoginScreen.swift */; };
		9DB6E62D2BFCBB940062FC94 /* OtpFormFieldView.swift in Sources */ = {isa = PBXBuildFile; fileRef = 9DB6E6082BFCBB940062FC94 /* OtpFormFieldView.swift */; };
		9DB6E62E2BFCBB940062FC94 /* OtpModifer.swift in Sources */ = {isa = PBXBuildFile; fileRef = 9DB6E6092BFCBB940062FC94 /* OtpModifer.swift */; };
		9DB6E62F2BFCBB940062FC94 /* RegestrationScreen.swift in Sources */ = {isa = PBXBuildFile; fileRef = 9DB6E60A2BFCBB940062FC94 /* RegestrationScreen.swift */; };
		9DB6E6302BFCBB940062FC94 /* WelcomeHeaderMainView.swift in Sources */ = {isa = PBXBuildFile; fileRef = 9DB6E60B2BFCBB940062FC94 /* WelcomeHeaderMainView.swift */; };
		9DB6E6312BFCBB940062FC94 /* WelcomeScreen.swift in Sources */ = {isa = PBXBuildFile; fileRef = 9DB6E60C2BFCBB940062FC94 /* WelcomeScreen.swift */; };
		9DB6E6322BFCBB940062FC94 /* ChatScreen.swift in Sources */ = {isa = PBXBuildFile; fileRef = 9DB6E60F2BFCBB940062FC94 /* ChatScreen.swift */; };
		9DB6E6332BFCBB940062FC94 /* CreateScreen.swift in Sources */ = {isa = PBXBuildFile; fileRef = 9DB6E6112BFCBB940062FC94 /* CreateScreen.swift */; };
		9DB6E6342BFCBB940062FC94 /* BottomSheet.swift in Sources */ = {isa = PBXBuildFile; fileRef = 9DB6E6132BFCBB940062FC94 /* BottomSheet.swift */; };
		9DB6E6352BFCBB940062FC94 /* HistoryScreen.swift in Sources */ = {isa = PBXBuildFile; fileRef = 9DB6E6142BFCBB940062FC94 /* HistoryScreen.swift */; };
		9DB6E6362BFCBB940062FC94 /* HalfSheetController.swift in Sources */ = {isa = PBXBuildFile; fileRef = 9DB6E6162BFCBB940062FC94 /* HalfSheetController.swift */; };
		9DB6E6372BFCBB940062FC94 /* HomeScreen.swift in Sources */ = {isa = PBXBuildFile; fileRef = 9DB6E6172BFCBB940062FC94 /* HomeScreen.swift */; };
		9DB6E6382BFCBB940062FC94 /* RootScreenModel.swift in Sources */ = {isa = PBXBuildFile; fileRef = 9DB6E6192BFCBB940062FC94 /* RootScreenModel.swift */; };
		9DB6E6392BFCBB940062FC94 /* RootScreen.swift in Sources */ = {isa = PBXBuildFile; fileRef = 9DB6E61B2BFCBB940062FC94 /* RootScreen.swift */; };
		9DB6E63A2BFCBB940062FC94 /* ServicesScreen.swift in Sources */ = {isa = PBXBuildFile; fileRef = 9DB6E61E2BFCBB940062FC94 /* ServicesScreen.swift */; };
		9DB6E63B2BFCBB940062FC94 /* CustomTabbar.swift in Sources */ = {isa = PBXBuildFile; fileRef = 9DB6E6202BFCBB940062FC94 /* CustomTabbar.swift */; };
		9DB6E63C2BFCBB940062FC94 /* FirebaseConstans.swift in Sources */ = {isa = PBXBuildFile; fileRef = 9DB6E6222BFCBB940062FC94 /* FirebaseConstans.swift */; };
		9DB6E63D2BFCBB940062FC94 /* BottomSheetHelper.swift in Sources */ = {isa = PBXBuildFile; fileRef = 9DB6E6242BFCBB940062FC94 /* BottomSheetHelper.swift */; };
		9DB6E63F2BFCBC770062FC94 /* GoogleService-Info.plist in Resources */ = {isa = PBXBuildFile; fileRef = 9DB6E63E2BFCBC770062FC94 /* GoogleService-Info.plist */; };
/* End PBXBuildFile section */

/* Begin PBXFileReference section */
		9D5DC35C2BFCB0A900F78D1D /* RaifBankNeoStyle.app */ = {isa = PBXFileReference; explicitFileType = wrapper.application; includeInIndex = 0; path = RaifBankNeoStyle.app; sourceTree = BUILT_PRODUCTS_DIR; };
		9D5DC35F2BFCB0A900F78D1D /* RaifBankNeoStyleApp.swift */ = {isa = PBXFileReference; lastKnownFileType = sourcecode.swift; path = RaifBankNeoStyleApp.swift; sourceTree = "<group>"; };
		9D5DC3612BFCB0A900F78D1D /* ContentView.swift */ = {isa = PBXFileReference; lastKnownFileType = sourcecode.swift; path = ContentView.swift; sourceTree = "<group>"; };
		9D5DC3632BFCB0AA00F78D1D /* Assets.xcassets */ = {isa = PBXFileReference; lastKnownFileType = folder.assetcatalog; path = Assets.xcassets; sourceTree = "<group>"; };
		9D5DC3662BFCB0AA00F78D1D /* Preview Assets.xcassets */ = {isa = PBXFileReference; lastKnownFileType = folder.assetcatalog; path = "Preview Assets.xcassets"; sourceTree = "<group>"; };
		9DB6E5FE2BFCBB940062FC94 /* UserItem.swift */ = {isa = PBXFileReference; fileEncoding = 4; lastKnownFileType = sourcecode.swift; path = UserItem.swift; sourceTree = "<group>"; };
		9DB6E6002BFCBB940062FC94 /* AuthProvider.swift */ = {isa = PBXFileReference; fileEncoding = 4; lastKnownFileType = sourcecode.swift; path = AuthProvider.swift; sourceTree = "<group>"; };
		9DB6E6022BFCBB940062FC94 /* AuthViewModel.swift */ = {isa = PBXFileReference; fileEncoding = 4; lastKnownFileType = sourcecode.swift; path = AuthViewModel.swift; sourceTree = "<group>"; };
		9DB6E6042BFCBB940062FC94 /* AuthButtonView.swift */ = {isa = PBXFileReference; fileEncoding = 4; lastKnownFileType = sourcecode.swift; path = AuthButtonView.swift; sourceTree = "<group>"; };
		9DB6E6052BFCBB940062FC94 /* AuthCharNumberField.swift */ = {isa = PBXFileReference; fileEncoding = 4; lastKnownFileType = sourcecode.swift; path = AuthCharNumberField.swift; sourceTree = "<group>"; };
		9DB6E6062BFCBB940062FC94 /* AuthTextField.swift */ = {isa = PBXFileReference; fileEncoding = 4; lastKnownFileType = sourcecode.swift; path = AuthTextField.swift; sourceTree = "<group>"; };
		9DB6E6072BFCBB940062FC94 /* LoginScreen.swift */ = {isa = PBXFileReference; fileEncoding = 4; lastKnownFileType = sourcecode.swift; path = LoginScreen.swift; sourceTree = "<group>"; };
		9DB6E6082BFCBB940062FC94 /* OtpFormFieldView.swift */ = {isa = PBXFileReference; fileEncoding = 4; lastKnownFileType = sourcecode.swift; path = OtpFormFieldView.swift; sourceTree = "<group>"; };
		9DB6E6092BFCBB940062FC94 /* OtpModifer.swift */ = {isa = PBXFileReference; fileEncoding = 4; lastKnownFileType = sourcecode.swift; path = OtpModifer.swift; sourceTree = "<group>"; };
		9DB6E60A2BFCBB940062FC94 /* RegestrationScreen.swift */ = {isa = PBXFileReference; fileEncoding = 4; lastKnownFileType = sourcecode.swift; path = RegestrationScreen.swift; sourceTree = "<group>"; };
		9DB6E60B2BFCBB940062FC94 /* WelcomeHeaderMainView.swift */ = {isa = PBXFileReference; fileEncoding = 4; lastKnownFileType = sourcecode.swift; path = WelcomeHeaderMainView.swift; sourceTree = "<group>"; };
		9DB6E60C2BFCBB940062FC94 /* WelcomeScreen.swift */ = {isa = PBXFileReference; fileEncoding = 4; lastKnownFileType = sourcecode.swift; path = WelcomeScreen.swift; sourceTree = "<group>"; };
		9DB6E60F2BFCBB940062FC94 /* ChatScreen.swift */ = {isa = PBXFileReference; fileEncoding = 4; lastKnownFileType = sourcecode.swift; path = ChatScreen.swift; sourceTree = "<group>"; };
		9DB6E6112BFCBB940062FC94 /* CreateScreen.swift */ = {isa = PBXFileReference; fileEncoding = 4; lastKnownFileType = sourcecode.swift; path = CreateScreen.swift; sourceTree = "<group>"; };
		9DB6E6132BFCBB940062FC94 /* BottomSheet.swift */ = {isa = PBXFileReference; fileEncoding = 4; lastKnownFileType = sourcecode.swift; path = BottomSheet.swift; sourceTree = "<group>"; };
		9DB6E6142BFCBB940062FC94 /* HistoryScreen.swift */ = {isa = PBXFileReference; fileEncoding = 4; lastKnownFileType = sourcecode.swift; path = HistoryScreen.swift; sourceTree = "<group>"; };
		9DB6E6162BFCBB940062FC94 /* HalfSheetController.swift */ = {isa = PBXFileReference; fileEncoding = 4; lastKnownFileType = sourcecode.swift; path = HalfSheetController.swift; sourceTree = "<group>"; };
		9DB6E6172BFCBB940062FC94 /* HomeScreen.swift */ = {isa = PBXFileReference; fileEncoding = 4; lastKnownFileType = sourcecode.swift; path = HomeScreen.swift; sourceTree = "<group>"; };
		9DB6E6192BFCBB940062FC94 /* RootScreenModel.swift */ = {isa = PBXFileReference; fileEncoding = 4; lastKnownFileType = sourcecode.swift; path = RootScreenModel.swift; sourceTree = "<group>"; };
		9DB6E61B2BFCBB940062FC94 /* RootScreen.swift */ = {isa = PBXFileReference; fileEncoding = 4; lastKnownFileType = sourcecode.swift; path = RootScreen.swift; sourceTree = "<group>"; };
		9DB6E61E2BFCBB940062FC94 /* ServicesScreen.swift */ = {isa = PBXFileReference; fileEncoding = 4; lastKnownFileType = sourcecode.swift; path = ServicesScreen.swift; sourceTree = "<group>"; };
		9DB6E6202BFCBB940062FC94 /* CustomTabbar.swift */ = {isa = PBXFileReference; fileEncoding = 4; lastKnownFileType = sourcecode.swift; path = CustomTabbar.swift; sourceTree = "<group>"; };
		9DB6E6222BFCBB940062FC94 /* FirebaseConstans.swift */ = {isa = PBXFileReference; fileEncoding = 4; lastKnownFileType = sourcecode.swift; path = FirebaseConstans.swift; sourceTree = "<group>"; };
		9DB6E6242BFCBB940062FC94 /* BottomSheetHelper.swift */ = {isa = PBXFileReference; fileEncoding = 4; lastKnownFileType = sourcecode.swift; path = BottomSheetHelper.swift; sourceTree = "<group>"; };
		9DB6E63E2BFCBC770062FC94 /* GoogleService-Info.plist */ = {isa = PBXFileReference; fileEncoding = 4; lastKnownFileType = text.plist.xml; path = "GoogleService-Info.plist"; sourceTree = "<group>"; };
/* End PBXFileReference section */

/* Begin PBXFrameworksBuildPhase section */
		9D5DC3592BFCB0A900F78D1D /* Frameworks */ = {
			isa = PBXFrameworksBuildPhase;
			buildActionMask = 2147483647;
			files = (
				9DB6E5FB2BFCBB6D0062FC94 /* FirebaseMessaging in Frameworks */,
				9DB6E5F92BFCBB6D0062FC94 /* FirebaseFirestoreSwift in Frameworks */,
				9DB6E5F52BFCBB6D0062FC94 /* FirebaseDatabaseSwift in Frameworks */,
				9DB6E5F72BFCBB6D0062FC94 /* FirebaseFirestore in Frameworks */,
				9DB6E5FD2BFCBB6D0062FC94 /* FirebaseStorage in Frameworks */,
				9DB6E5F32BFCBB6D0062FC94 /* FirebaseDatabase in Frameworks */,
				9DB6E5F12BFCBB6D0062FC94 /* FirebaseAuth in Frameworks */,
			);
			runOnlyForDeploymentPostprocessing = 0;
		};
/* End PBXFrameworksBuildPhase section */

/* Begin PBXGroup section */
		9D5DC3532BFCB0A900F78D1D = {
			isa = PBXGroup;
			children = (
				9D5DC35E2BFCB0A900F78D1D /* RaifBankNeoStyle */,
				9D5DC35D2BFCB0A900F78D1D /* Products */,
			);
			sourceTree = "<group>";
		};
		9D5DC35D2BFCB0A900F78D1D /* Products */ = {
			isa = PBXGroup;
			children = (
				9D5DC35C2BFCB0A900F78D1D /* RaifBankNeoStyle.app */,
			);
			name = Products;
			sourceTree = "<group>";
		};
		9D5DC35E2BFCB0A900F78D1D /* RaifBankNeoStyle */ = {
			isa = PBXGroup;
			children = (
				9DB6E63E2BFCBC770062FC94 /* GoogleService-Info.plist */,
				9DB6E6252BFCBB940062FC94 /* Extensions */,
				9DB6E6212BFCBB940062FC94 /* Screens */,
				9DB6E6232BFCBB940062FC94 /* Utills */,
				9D5DC35F2BFCB0A900F78D1D /* RaifBankNeoStyleApp.swift */,
				9D5DC3612BFCB0A900F78D1D /* ContentView.swift */,
				9D5DC3632BFCB0AA00F78D1D /* Assets.xcassets */,
				9D5DC3652BFCB0AA00F78D1D /* Preview Content */,
			);
			path = RaifBankNeoStyle;
			sourceTree = "<group>";
		};
		9D5DC3652BFCB0AA00F78D1D /* Preview Content */ = {
			isa = PBXGroup;
			children = (
				9D5DC3662BFCB0AA00F78D1D /* Preview Assets.xcassets */,
			);
			path = "Preview Content";
			sourceTree = "<group>";
		};
		9DB6E5FF2BFCBB940062FC94 /* Model */ = {
			isa = PBXGroup;
			children = (
				9DB6E5FE2BFCBB940062FC94 /* UserItem.swift */,
			);
			path = Model;
			sourceTree = "<group>";
		};
		9DB6E6012BFCBB940062FC94 /* Services */ = {
			isa = PBXGroup;
			children = (
				9DB6E6002BFCBB940062FC94 /* AuthProvider.swift */,
			);
			path = Services;
			sourceTree = "<group>";
		};
		9DB6E6032BFCBB940062FC94 /* ViewModels */ = {
			isa = PBXGroup;
			children = (
				9DB6E6022BFCBB940062FC94 /* AuthViewModel.swift */,
			);
			path = ViewModels;
			sourceTree = "<group>";
		};
		9DB6E60D2BFCBB940062FC94 /* Views */ = {
			isa = PBXGroup;
			children = (
				9DB6E6042BFCBB940062FC94 /* AuthButtonView.swift */,
				9DB6E6052BFCBB940062FC94 /* AuthCharNumberField.swift */,
				9DB6E6062BFCBB940062FC94 /* AuthTextField.swift */,
				9DB6E6072BFCBB940062FC94 /* LoginScreen.swift */,
				9DB6E6082BFCBB940062FC94 /* OtpFormFieldView.swift */,
				9DB6E6092BFCBB940062FC94 /* OtpModifer.swift */,
				9DB6E60A2BFCBB940062FC94 /* RegestrationScreen.swift */,
				9DB6E60B2BFCBB940062FC94 /* WelcomeHeaderMainView.swift */,
				9DB6E60C2BFCBB940062FC94 /* WelcomeScreen.swift */,
			);
			path = Views;
			sourceTree = "<group>";
		};
		9DB6E60E2BFCBB940062FC94 /* Auth */ = {
			isa = PBXGroup;
			children = (
				9DB6E5FF2BFCBB940062FC94 /* Model */,
				9DB6E6012BFCBB940062FC94 /* Services */,
				9DB6E6032BFCBB940062FC94 /* ViewModels */,
				9DB6E60D2BFCBB940062FC94 /* Views */,
			);
			path = Auth;
			sourceTree = "<group>";
		};
		9DB6E6102BFCBB940062FC94 /* Chat */ = {
			isa = PBXGroup;
			children = (
				9DB6E60F2BFCBB940062FC94 /* ChatScreen.swift */,
			);
			path = Chat;
			sourceTree = "<group>";
		};
		9DB6E6122BFCBB940062FC94 /* Creation */ = {
			isa = PBXGroup;
			children = (
				9DB6E6112BFCBB940062FC94 /* CreateScreen.swift */,
			);
			path = Creation;
			sourceTree = "<group>";
		};
		9DB6E6152BFCBB940062FC94 /* History */ = {
			isa = PBXGroup;
			children = (
				9DB6E6132BFCBB940062FC94 /* BottomSheet.swift */,
				9DB6E6142BFCBB940062FC94 /* HistoryScreen.swift */,
			);
			path = History;
			sourceTree = "<group>";
		};
		9DB6E6182BFCBB940062FC94 /* Home */ = {
			isa = PBXGroup;
			children = (
				9DB6E6162BFCBB940062FC94 /* HalfSheetController.swift */,
				9DB6E6172BFCBB940062FC94 /* HomeScreen.swift */,
			);
			path = Home;
			sourceTree = "<group>";
		};
		9DB6E61A2BFCBB940062FC94 /* ViewModels */ = {
			isa = PBXGroup;
			children = (
				9DB6E6192BFCBB940062FC94 /* RootScreenModel.swift */,
			);
			path = ViewModels;
			sourceTree = "<group>";
		};
		9DB6E61C2BFCBB940062FC94 /* Views */ = {
			isa = PBXGroup;
			children = (
				9DB6E61B2BFCBB940062FC94 /* RootScreen.swift */,
			);
			path = Views;
			sourceTree = "<group>";
		};
		9DB6E61D2BFCBB940062FC94 /* Root */ = {
			isa = PBXGroup;
			children = (
				9DB6E61A2BFCBB940062FC94 /* ViewModels */,
				9DB6E61C2BFCBB940062FC94 /* Views */,
			);
			path = Root;
			sourceTree = "<group>";
		};
		9DB6E61F2BFCBB940062FC94 /* Services */ = {
			isa = PBXGroup;
			children = (
				9DB6E61E2BFCBB940062FC94 /* ServicesScreen.swift */,
			);
			path = Services;
			sourceTree = "<group>";
		};
		9DB6E6212BFCBB940062FC94 /* Screens */ = {
			isa = PBXGroup;
			children = (
				9DB6E60E2BFCBB940062FC94 /* Auth */,
				9DB6E6102BFCBB940062FC94 /* Chat */,
				9DB6E6122BFCBB940062FC94 /* Creation */,
				9DB6E6152BFCBB940062FC94 /* History */,
				9DB6E6182BFCBB940062FC94 /* Home */,
				9DB6E61D2BFCBB940062FC94 /* Root */,
				9DB6E61F2BFCBB940062FC94 /* Services */,
				9DB6E6202BFCBB940062FC94 /* CustomTabbar.swift */,
			);
			path = Screens;
			sourceTree = "<group>";
		};
		9DB6E6232BFCBB940062FC94 /* Utills */ = {
			isa = PBXGroup;
			children = (
				9DB6E6222BFCBB940062FC94 /* FirebaseConstans.swift */,
			);
			path = Utills;
			sourceTree = "<group>";
		};
		9DB6E6252BFCBB940062FC94 /* Extensions */ = {
			isa = PBXGroup;
			children = (
				9DB6E6242BFCBB940062FC94 /* BottomSheetHelper.swift */,
			);
			path = Extensions;
			sourceTree = "<group>";
		};
/* End PBXGroup section */

/* Begin PBXNativeTarget section */
		9D5DC35B2BFCB0A900F78D1D /* RaifBankNeoStyle */ = {
			isa = PBXNativeTarget;
			buildConfigurationList = 9D5DC36A2BFCB0AA00F78D1D /* Build configuration list for PBXNativeTarget "RaifBankNeoStyle" */;
			buildPhases = (
				9D5DC3582BFCB0A900F78D1D /* Sources */,
				9D5DC3592BFCB0A900F78D1D /* Frameworks */,
				9D5DC35A2BFCB0A900F78D1D /* Resources */,
			);
			buildRules = (
			);
			dependencies = (
			);
			name = RaifBankNeoStyle;
			packageProductDependencies = (
				9DB6E5F02BFCBB6D0062FC94 /* FirebaseAuth */,
				9DB6E5F22BFCBB6D0062FC94 /* FirebaseDatabase */,
				9DB6E5F42BFCBB6D0062FC94 /* FirebaseDatabaseSwift */,
				9DB6E5F62BFCBB6D0062FC94 /* FirebaseFirestore */,
				9DB6E5F82BFCBB6D0062FC94 /* FirebaseFirestoreSwift */,
				9DB6E5FA2BFCBB6D0062FC94 /* FirebaseMessaging */,
				9DB6E5FC2BFCBB6D0062FC94 /* FirebaseStorage */,
			);
			productName = RaifBankNeoStyle;
			productReference = 9D5DC35C2BFCB0A900F78D1D /* RaifBankNeoStyle.app */;
			productType = "com.apple.product-type.application";
		};
/* End PBXNativeTarget section */

/* Begin PBXProject section */
		9D5DC3542BFCB0A900F78D1D /* Project object */ = {
			isa = PBXProject;
			attributes = {
				BuildIndependentTargetsInParallel = 1;
				LastSwiftUpdateCheck = 1530;
				LastUpgradeCheck = 1530;
				TargetAttributes = {
					9D5DC35B2BFCB0A900F78D1D = {
						CreatedOnToolsVersion = 15.3;
					};
				};
			};
			buildConfigurationList = 9D5DC3572BFCB0A900F78D1D /* Build configuration list for PBXProject "RaifBankNeoStyle" */;
			compatibilityVersion = "Xcode 14.0";
			developmentRegion = en;
			hasScannedForEncodings = 0;
			knownRegions = (
				en,
				Base,
			);
			mainGroup = 9D5DC3532BFCB0A900F78D1D;
			packageReferences = (
				9DB6E5EF2BFCBB6D0062FC94 /* XCRemoteSwiftPackageReference "firebase-ios-sdk" */,
			);
			productRefGroup = 9D5DC35D2BFCB0A900F78D1D /* Products */;
			projectDirPath = "";
			projectRoot = "";
			targets = (
				9D5DC35B2BFCB0A900F78D1D /* RaifBankNeoStyle */,
			);
		};
/* End PBXProject section */

/* Begin PBXResourcesBuildPhase section */
		9D5DC35A2BFCB0A900F78D1D /* Resources */ = {
			isa = PBXResourcesBuildPhase;
			buildActionMask = 2147483647;
			files = (
				9D5DC3672BFCB0AA00F78D1D /* Preview Assets.xcassets in Resources */,
				9DB6E63F2BFCBC770062FC94 /* GoogleService-Info.plist in Resources */,
				9D5DC3642BFCB0AA00F78D1D /* Assets.xcassets in Resources */,
			);
			runOnlyForDeploymentPostprocessing = 0;
		};
/* End PBXResourcesBuildPhase section */

/* Begin PBXSourcesBuildPhase section */
		9D5DC3582BFCB0A900F78D1D /* Sources */ = {
			isa = PBXSourcesBuildPhase;
			buildActionMask = 2147483647;
			files = (
				9DB6E63C2BFCBB940062FC94 /* FirebaseConstans.swift in Sources */,
				9DB6E6292BFCBB940062FC94 /* AuthButtonView.swift in Sources */,
				9DB6E6342BFCBB940062FC94 /* BottomSheet.swift in Sources */,
				9DB6E6332BFCBB940062FC94 /* CreateScreen.swift in Sources */,
				9DB6E63D2BFCBB940062FC94 /* BottomSheetHelper.swift in Sources */,
				9DB6E6322BFCBB940062FC94 /* ChatScreen.swift in Sources */,
				9DB6E6352BFCBB940062FC94 /* HistoryScreen.swift in Sources */,
				9DB6E6302BFCBB940062FC94 /* WelcomeHeaderMainView.swift in Sources */,
				9DB6E62B2BFCBB940062FC94 /* AuthTextField.swift in Sources */,
				9DB6E62F2BFCBB940062FC94 /* RegestrationScreen.swift in Sources */,
				9DB6E6312BFCBB940062FC94 /* WelcomeScreen.swift in Sources */,
				9DB6E62C2BFCBB940062FC94 /* LoginScreen.swift in Sources */,
				9DB6E62A2BFCBB940062FC94 /* AuthCharNumberField.swift in Sources */,
				9DB6E63A2BFCBB940062FC94 /* ServicesScreen.swift in Sources */,
				9DB6E63B2BFCBB940062FC94 /* CustomTabbar.swift in Sources */,
				9DB6E6282BFCBB940062FC94 /* AuthViewModel.swift in Sources */,
				9DB6E62E2BFCBB940062FC94 /* OtpModifer.swift in Sources */,
				9DB6E6392BFCBB940062FC94 /* RootScreen.swift in Sources */,
				9DB6E62D2BFCBB940062FC94 /* OtpFormFieldView.swift in Sources */,
				9D5DC3622BFCB0A900F78D1D /* ContentView.swift in Sources */,
				9D5DC3602BFCB0A900F78D1D /* RaifBankNeoStyleApp.swift in Sources */,
				9DB6E6372BFCBB940062FC94 /* HomeScreen.swift in Sources */,
				9DB6E6272BFCBB940062FC94 /* AuthProvider.swift in Sources */,
				9DB6E6362BFCBB940062FC94 /* HalfSheetController.swift in Sources */,
				9DB6E6262BFCBB940062FC94 /* UserItem.swift in Sources */,
				9DB6E6382BFCBB940062FC94 /* RootScreenModel.swift in Sources */,
			);
			runOnlyForDeploymentPostprocessing = 0;
		};
/* End PBXSourcesBuildPhase section */

/* Begin XCBuildConfiguration section */
		9D5DC3682BFCB0AA00F78D1D /* Debug */ = {
			isa = XCBuildConfiguration;
			buildSettings = {
				ALWAYS_SEARCH_USER_PATHS = NO;
				ASSETCATALOG_COMPILER_GENERATE_SWIFT_ASSET_SYMBOL_EXTENSIONS = YES;
				CLANG_ANALYZER_NONNULL = YES;
				CLANG_ANALYZER_NUMBER_OBJECT_CONVERSION = YES_AGGRESSIVE;
				CLANG_CXX_LANGUAGE_STANDARD = "gnu++20";
				CLANG_ENABLE_MODULES = YES;
				CLANG_ENABLE_OBJC_ARC = YES;
				CLANG_ENABLE_OBJC_WEAK = YES;
				CLANG_WARN_BLOCK_CAPTURE_AUTORELEASING = YES;
				CLANG_WARN_BOOL_CONVERSION = YES;
				CLANG_WARN_COMMA = YES;
				CLANG_WARN_CONSTANT_CONVERSION = YES;
				CLANG_WARN_DEPRECATED_OBJC_IMPLEMENTATIONS = YES;
				CLANG_WARN_DIRECT_OBJC_ISA_USAGE = YES_ERROR;
				CLANG_WARN_DOCUMENTATION_COMMENTS = YES;
				CLANG_WARN_EMPTY_BODY = YES;
				CLANG_WARN_ENUM_CONVERSION = YES;
				CLANG_WARN_INFINITE_RECURSION = YES;
				CLANG_WARN_INT_CONVERSION = YES;
				CLANG_WARN_NON_LITERAL_NULL_CONVERSION = YES;
				CLANG_WARN_OBJC_IMPLICIT_RETAIN_SELF = YES;
				CLANG_WARN_OBJC_LITERAL_CONVERSION = YES;
				CLANG_WARN_OBJC_ROOT_CLASS = YES_ERROR;
				CLANG_WARN_QUOTED_INCLUDE_IN_FRAMEWORK_HEADER = YES;
				CLANG_WARN_RANGE_LOOP_ANALYSIS = YES;
				CLANG_WARN_STRICT_PROTOTYPES = YES;
				CLANG_WARN_SUSPICIOUS_MOVE = YES;
				CLANG_WARN_UNGUARDED_AVAILABILITY = YES_AGGRESSIVE;
				CLANG_WARN_UNREACHABLE_CODE = YES;
				CLANG_WARN__DUPLICATE_METHOD_MATCH = YES;
				COPY_PHASE_STRIP = NO;
				DEBUG_INFORMATION_FORMAT = dwarf;
				ENABLE_STRICT_OBJC_MSGSEND = YES;
				ENABLE_TESTABILITY = YES;
				ENABLE_USER_SCRIPT_SANDBOXING = YES;
				GCC_C_LANGUAGE_STANDARD = gnu17;
				GCC_DYNAMIC_NO_PIC = NO;
				GCC_NO_COMMON_BLOCKS = YES;
				GCC_OPTIMIZATION_LEVEL = 0;
				GCC_PREPROCESSOR_DEFINITIONS = (
					"DEBUG=1",
					"$(inherited)",
				);
				GCC_WARN_64_TO_32_BIT_CONVERSION = YES;
				GCC_WARN_ABOUT_RETURN_TYPE = YES_ERROR;
				GCC_WARN_UNDECLARED_SELECTOR = YES;
				GCC_WARN_UNINITIALIZED_AUTOS = YES_AGGRESSIVE;
				GCC_WARN_UNUSED_FUNCTION = YES;
				GCC_WARN_UNUSED_VARIABLE = YES;
				IPHONEOS_DEPLOYMENT_TARGET = 17.4;
				LOCALIZATION_PREFERS_STRING_CATALOGS = YES;
				MTL_ENABLE_DEBUG_INFO = INCLUDE_SOURCE;
				MTL_FAST_MATH = YES;
				ONLY_ACTIVE_ARCH = YES;
				SDKROOT = iphoneos;
				SWIFT_ACTIVE_COMPILATION_CONDITIONS = "DEBUG $(inherited)";
				SWIFT_OPTIMIZATION_LEVEL = "-Onone";
			};
			name = Debug;
		};
		9D5DC3692BFCB0AA00F78D1D /* Release */ = {
			isa = XCBuildConfiguration;
			buildSettings = {
				ALWAYS_SEARCH_USER_PATHS = NO;
				ASSETCATALOG_COMPILER_GENERATE_SWIFT_ASSET_SYMBOL_EXTENSIONS = YES;
				CLANG_ANALYZER_NONNULL = YES;
				CLANG_ANALYZER_NUMBER_OBJECT_CONVERSION = YES_AGGRESSIVE;
				CLANG_CXX_LANGUAGE_STANDARD = "gnu++20";
				CLANG_ENABLE_MODULES = YES;
				CLANG_ENABLE_OBJC_ARC = YES;
				CLANG_ENABLE_OBJC_WEAK = YES;
				CLANG_WARN_BLOCK_CAPTURE_AUTORELEASING = YES;
				CLANG_WARN_BOOL_CONVERSION = YES;
				CLANG_WARN_COMMA = YES;
				CLANG_WARN_CONSTANT_CONVERSION = YES;
				CLANG_WARN_DEPRECATED_OBJC_IMPLEMENTATIONS = YES;
				CLANG_WARN_DIRECT_OBJC_ISA_USAGE = YES_ERROR;
				CLANG_WARN_DOCUMENTATION_COMMENTS = YES;
				CLANG_WARN_EMPTY_BODY = YES;
				CLANG_WARN_ENUM_CONVERSION = YES;
				CLANG_WARN_INFINITE_RECURSION = YES;
				CLANG_WARN_INT_CONVERSION = YES;
				CLANG_WARN_NON_LITERAL_NULL_CONVERSION = YES;
				CLANG_WARN_OBJC_IMPLICIT_RETAIN_SELF = YES;
				CLANG_WARN_OBJC_LITERAL_CONVERSION = YES;
				CLANG_WARN_OBJC_ROOT_CLASS = YES_ERROR;
				CLANG_WARN_QUOTED_INCLUDE_IN_FRAMEWORK_HEADER = YES;
				CLANG_WARN_RANGE_LOOP_ANALYSIS = YES;
				CLANG_WARN_STRICT_PROTOTYPES = YES;
				CLANG_WARN_SUSPICIOUS_MOVE = YES;
				CLANG_WARN_UNGUARDED_AVAILABILITY = YES_AGGRESSIVE;
				CLANG_WARN_UNREACHABLE_CODE = YES;
				CLANG_WARN__DUPLICATE_METHOD_MATCH = YES;
				COPY_PHASE_STRIP = NO;
				DEBUG_INFORMATION_FORMAT = "dwarf-with-dsym";
				ENABLE_NS_ASSERTIONS = NO;
				ENABLE_STRICT_OBJC_MSGSEND = YES;
				ENABLE_USER_SCRIPT_SANDBOXING = YES;
				GCC_C_LANGUAGE_STANDARD = gnu17;
				GCC_NO_COMMON_BLOCKS = YES;
				GCC_WARN_64_TO_32_BIT_CONVERSION = YES;
				GCC_WARN_ABOUT_RETURN_TYPE = YES_ERROR;
				GCC_WARN_UNDECLARED_SELECTOR = YES;
				GCC_WARN_UNINITIALIZED_AUTOS = YES_AGGRESSIVE;
				GCC_WARN_UNUSED_FUNCTION = YES;
				GCC_WARN_UNUSED_VARIABLE = YES;
				IPHONEOS_DEPLOYMENT_TARGET = 17.4;
				LOCALIZATION_PREFERS_STRING_CATALOGS = YES;
				MTL_ENABLE_DEBUG_INFO = NO;
				MTL_FAST_MATH = YES;
				SDKROOT = iphoneos;
				SWIFT_COMPILATION_MODE = wholemodule;
				VALIDATE_PRODUCT = YES;
			};
			name = Release;
		};
		9D5DC36B2BFCB0AA00F78D1D /* Debug */ = {
			isa = XCBuildConfiguration;
			buildSettings = {
				ASSETCATALOG_COMPILER_APPICON_NAME = AppIcon;
				ASSETCATALOG_COMPILER_GLOBAL_ACCENT_COLOR_NAME = AccentColor;
				CODE_SIGN_STYLE = Automatic;
				CURRENT_PROJECT_VERSION = 1;
				DEVELOPMENT_ASSET_PATHS = "\"RaifBankNeoStyle/Preview Content\"";
				DEVELOPMENT_TEAM = 7L7LCFBR3F;
				ENABLE_PREVIEWS = YES;
				GENERATE_INFOPLIST_FILE = YES;
				INFOPLIST_KEY_UIApplicationSceneManifest_Generation = YES;
				INFOPLIST_KEY_UIApplicationSupportsIndirectInputEvents = YES;
				INFOPLIST_KEY_UILaunchScreen_Generation = YES;
				INFOPLIST_KEY_UISupportedInterfaceOrientations_iPad = "UIInterfaceOrientationPortrait UIInterfaceOrientationPortraitUpsideDown UIInterfaceOrientationLandscapeLeft UIInterfaceOrientationLandscapeRight";
				INFOPLIST_KEY_UISupportedInterfaceOrientations_iPhone = "UIInterfaceOrientationPortrait UIInterfaceOrientationLandscapeLeft UIInterfaceOrientationLandscapeRight";
				LD_RUNPATH_SEARCH_PATHS = (
					"$(inherited)",
					"@executable_path/Frameworks",
				);
				MARKETING_VERSION = 1.0;
				PRODUCT_BUNDLE_IDENTIFIER = com.maksymlakhman.RaifBankNeoStyle;
				PRODUCT_NAME = "$(TARGET_NAME)";
				SWIFT_EMIT_LOC_STRINGS = YES;
				SWIFT_VERSION = 5.0;
				TARGETED_DEVICE_FAMILY = "1,2";
			};
			name = Debug;
		};
		9D5DC36C2BFCB0AA00F78D1D /* Release */ = {
			isa = XCBuildConfiguration;
			buildSettings = {
				ASSETCATALOG_COMPILER_APPICON_NAME = AppIcon;
				ASSETCATALOG_COMPILER_GLOBAL_ACCENT_COLOR_NAME = AccentColor;
				CODE_SIGN_STYLE = Automatic;
				CURRENT_PROJECT_VERSION = 1;
				DEVELOPMENT_ASSET_PATHS = "\"RaifBankNeoStyle/Preview Content\"";
				DEVELOPMENT_TEAM = 7L7LCFBR3F;
				ENABLE_PREVIEWS = YES;
				GENERATE_INFOPLIST_FILE = YES;
				INFOPLIST_KEY_UIApplicationSceneManifest_Generation = YES;
				INFOPLIST_KEY_UIApplicationSupportsIndirectInputEvents = YES;
				INFOPLIST_KEY_UILaunchScreen_Generation = YES;
				INFOPLIST_KEY_UISupportedInterfaceOrientations_iPad = "UIInterfaceOrientationPortrait UIInterfaceOrientationPortraitUpsideDown UIInterfaceOrientationLandscapeLeft UIInterfaceOrientationLandscapeRight";
				INFOPLIST_KEY_UISupportedInterfaceOrientations_iPhone = "UIInterfaceOrientationPortrait UIInterfaceOrientationLandscapeLeft UIInterfaceOrientationLandscapeRight";
				LD_RUNPATH_SEARCH_PATHS = (
					"$(inherited)",
					"@executable_path/Frameworks",
				);
				MARKETING_VERSION = 1.0;
				PRODUCT_BUNDLE_IDENTIFIER = com.maksymlakhman.RaifBankNeoStyle;
				PRODUCT_NAME = "$(TARGET_NAME)";
				SWIFT_EMIT_LOC_STRINGS = YES;
				SWIFT_VERSION = 5.0;
				TARGETED_DEVICE_FAMILY = "1,2";
			};
			name = Release;
		};
/* End XCBuildConfiguration section */

/* Begin XCConfigurationList section */
		9D5DC3572BFCB0A900F78D1D /* Build configuration list for PBXProject "RaifBankNeoStyle" */ = {
			isa = XCConfigurationList;
			buildConfigurations = (
				9D5DC3682BFCB0AA00F78D1D /* Debug */,
				9D5DC3692BFCB0AA00F78D1D /* Release */,
			);
			defaultConfigurationIsVisible = 0;
			defaultConfigurationName = Release;
		};
		9D5DC36A2BFCB0AA00F78D1D /* Build configuration list for PBXNativeTarget "RaifBankNeoStyle" */ = {
			isa = XCConfigurationList;
			buildConfigurations = (
				9D5DC36B2BFCB0AA00F78D1D /* Debug */,
				9D5DC36C2BFCB0AA00F78D1D /* Release */,
			);
			defaultConfigurationIsVisible = 0;
			defaultConfigurationName = Release;
		};
/* End XCConfigurationList section */

/* Begin XCRemoteSwiftPackageReference section */
		9DB6E5EF2BFCBB6D0062FC94 /* XCRemoteSwiftPackageReference "firebase-ios-sdk" */ = {
			isa = XCRemoteSwiftPackageReference;
			repositoryURL = "https://github.com/firebase/firebase-ios-sdk";
			requirement = {
				kind = upToNextMajorVersion;
				minimumVersion = 10.26.0;
			};
		};
/* End XCRemoteSwiftPackageReference section */

/* Begin XCSwiftPackageProductDependency section */
		9DB6E5F02BFCBB6D0062FC94 /* FirebaseAuth */ = {
			isa = XCSwiftPackageProductDependency;
			package = 9DB6E5EF2BFCBB6D0062FC94 /* XCRemoteSwiftPackageReference "firebase-ios-sdk" */;
			productName = FirebaseAuth;
		};
		9DB6E5F22BFCBB6D0062FC94 /* FirebaseDatabase */ = {
			isa = XCSwiftPackageProductDependency;
			package = 9DB6E5EF2BFCBB6D0062FC94 /* XCRemoteSwiftPackageReference "firebase-ios-sdk" */;
			productName = FirebaseDatabase;
		};
		9DB6E5F42BFCBB6D0062FC94 /* FirebaseDatabaseSwift */ = {
			isa = XCSwiftPackageProductDependency;
			package = 9DB6E5EF2BFCBB6D0062FC94 /* XCRemoteSwiftPackageReference "firebase-ios-sdk" */;
			productName = FirebaseDatabaseSwift;
		};
		9DB6E5F62BFCBB6D0062FC94 /* FirebaseFirestore */ = {
			isa = XCSwiftPackageProductDependency;
			package = 9DB6E5EF2BFCBB6D0062FC94 /* XCRemoteSwiftPackageReference "firebase-ios-sdk" */;
			productName = FirebaseFirestore;
		};
		9DB6E5F82BFCBB6D0062FC94 /* FirebaseFirestoreSwift */ = {
			isa = XCSwiftPackageProductDependency;
			package = 9DB6E5EF2BFCBB6D0062FC94 /* XCRemoteSwiftPackageReference "firebase-ios-sdk" */;
			productName = FirebaseFirestoreSwift;
		};
		9DB6E5FA2BFCBB6D0062FC94 /* FirebaseMessaging */ = {
			isa = XCSwiftPackageProductDependency;
			package = 9DB6E5EF2BFCBB6D0062FC94 /* XCRemoteSwiftPackageReference "firebase-ios-sdk" */;
			productName = FirebaseMessaging;
		};
		9DB6E5FC2BFCBB6D0062FC94 /* FirebaseStorage */ = {
			isa = XCSwiftPackageProductDependency;
			package = 9DB6E5EF2BFCBB6D0062FC94 /* XCRemoteSwiftPackageReference "firebase-ios-sdk" */;
			productName = FirebaseStorage;
		};
/* End XCSwiftPackageProductDependency section */
	};
	rootObject = 9D5DC3542BFCB0A900F78D1D /* Project object */;
}
